
Microsoft Visual Studio Solution File, Format Version 12.00
# Visual Studio Version 16
VisualStudioVersion = 16.0.29418.71
MinimumVisualStudioVersion = 10.0.40219.1
Project("{FAE04EC0-301F-11D3-BF4B-00C04F79EFBC}") = "BatchRename", "BatchRename\BatchRename.csproj", "{AB230F1F-12B7-4CBD-A1B3-44681A7E7AD2}"
EndProject
Global
	GlobalSection(SolutionConfigurationPlatforms) = preSolution
		Debug|Any CPU = Debug|Any CPU
		Release|Any CPU = Release|Any CPU
	EndGlobalSection
	GlobalSection(ProjectConfigurationPlatforms) = postSolution
		{AB230F1F-12B7-4CBD-A1B3-44681A7E7AD2}.Debug|Any CPU.ActiveCfg = Debug|Any CPU
		{AB230F1F-12B7-4CBD-A1B3-44681A7E7AD2}.Debug|Any CPU.Build.0 = Debug|Any CPU
		{AB230F1F-12B7-4CBD-A1B3-44681A7E7AD2}.Release|Any CPU.ActiveCfg = Release|Any CPU
		{AB230F1F-12B7-4CBD-A1B3-44681A7E7AD2}.Release|Any CPU.Build.0 = Release|Any CPU
	EndGlobalSection
	GlobalSection(SolutionProperties) = preSolution
		HideSolutionNode = FALSE
	EndGlobalSection
	GlobalSection(ExtensibilityGlobals) = postSolution
		SolutionGuid = {14CFC471-5401-46AD-87BD-BD001E1326E0}
	EndGlobalSection
EndGlobal
