
Microsoft Visual Studio Solution File, Format Version 12.00
# Visual Studio Version 16
VisualStudioVersion = 16.0.29509.3
MinimumVisualStudioVersion = 10.0.40219.1
Project("{FAE04EC0-301F-11D3-BF4B-00C04F79EFBC}") = "8_Puzzle", "8_Puzzle\8_Puzzle.csproj", "{0B51C9B2-6184-4DE7-B528-9D2F1C92F65D}"
EndProject
Global
	GlobalSection(SolutionConfigurationPlatforms) = preSolution
		Debug|Any CPU = Debug|Any CPU
		Release|Any CPU = Release|Any CPU
	EndGlobalSection
	GlobalSection(ProjectConfigurationPlatforms) = postSolution
		{0B51C9B2-6184-4DE7-B528-9D2F1C92F65D}.Debug|Any CPU.ActiveCfg = Debug|Any CPU
		{0B51C9B2-6184-4DE7-B528-9D2F1C92F65D}.Debug|Any CPU.Build.0 = Debug|Any CPU
		{0B51C9B2-6184-4DE7-B528-9D2F1C92F65D}.Release|Any CPU.ActiveCfg = Release|Any CPU
		{0B51C9B2-6184-4DE7-B528-9D2F1C92F65D}.Release|Any CPU.Build.0 = Release|Any CPU
	EndGlobalSection
	GlobalSection(SolutionProperties) = preSolution
		HideSolutionNode = FALSE
	EndGlobalSection
	GlobalSection(ExtensibilityGlobals) = postSolution
		SolutionGuid = {B22385C2-1425-4BCB-B8F5-47AB89DE68AB}
	EndGlobalSection
EndGlobal
